// !$*UTF8*$!
{
	archiveVersion = 1;
	classes = {
	};
	objectVersion = 46;
	objects = {

/* Begin PBXBuildFile section */
		E842D28F18CF73EE003192BF /* Classroom+CoreDataMethods.m in Sources */ = {isa = PBXBuildFile; fileRef = E842D28E18CF73EE003192BF /* Classroom+CoreDataMethods.m */; };
		E842D29218CF8989003192BF /* ClassListTableViewController.m in Sources */ = {isa = PBXBuildFile; fileRef = E842D29118CF8989003192BF /* ClassListTableViewController.m */; };
		E842D29518CF8C07003192BF /* TeacherListViewController.m in Sources */ = {isa = PBXBuildFile; fileRef = E842D29418CF8C07003192BF /* TeacherListViewController.m */; };
		E842D29818CF8C18003192BF /* TeacherRegistryViewController.m in Sources */ = {isa = PBXBuildFile; fileRef = E842D29718CF8C18003192BF /* TeacherRegistryViewController.m */; };
		E842D29B18CF8D9E003192BF /* Teacher+CoreDataMethods.m in Sources */ = {isa = PBXBuildFile; fileRef = E842D29A18CF8D9E003192BF /* Teacher+CoreDataMethods.m */; };
		E842D2A118D0CB7F003192BF /* MaterialsListViewController.m in Sources */ = {isa = PBXBuildFile; fileRef = E842D2A018D0CB7F003192BF /* MaterialsListViewController.m */; };
		E842D2A418D0CC23003192BF /* MaterialRegistryViewController.m in Sources */ = {isa = PBXBuildFile; fileRef = E842D2A318D0CC23003192BF /* MaterialRegistryViewController.m */; };
		E842D2A718D0CD52003192BF /* Material+CoreDataMethods.m in Sources */ = {isa = PBXBuildFile; fileRef = E842D2A618D0CD52003192BF /* Material+CoreDataMethods.m */; };
		E842D2AA18D0E96B003192BF /* MaterialCollectionViewController.m in Sources */ = {isa = PBXBuildFile; fileRef = E842D2A918D0E96B003192BF /* MaterialCollectionViewController.m */; };
		E842D2AE18D0EAA7003192BF /* ClassCell.m in Sources */ = {isa = PBXBuildFile; fileRef = E842D2AD18D0EAA7003192BF /* ClassCell.m */; };
		E842D2CA18D0EFFF003192BF /* Classroom.m in Sources */ = {isa = PBXBuildFile; fileRef = E842D2C918D0EFFF003192BF /* Classroom.m */; };
		E842D2CD18D0F000003192BF /* Material.m in Sources */ = {isa = PBXBuildFile; fileRef = E842D2CC18D0F000003192BF /* Material.m */; };
		E842D2D018D0F000003192BF /* Student.m in Sources */ = {isa = PBXBuildFile; fileRef = E842D2CF18D0F000003192BF /* Student.m */; };
		E842D2D318D0F001003192BF /* Attendence.m in Sources */ = {isa = PBXBuildFile; fileRef = E842D2D218D0F001003192BF /* Attendence.m */; };
		E842D2D618D0F001003192BF /* Teacher.m in Sources */ = {isa = PBXBuildFile; fileRef = E842D2D518D0F001003192BF /* Teacher.m */; };
		E84EC9F818BE624D0033740D /* Foundation.framework in Frameworks */ = {isa = PBXBuildFile; fileRef = E84EC9F718BE624D0033740D /* Foundation.framework */; };
		E84EC9FA18BE624D0033740D /* CoreGraphics.framework in Frameworks */ = {isa = PBXBuildFile; fileRef = E84EC9F918BE624D0033740D /* CoreGraphics.framework */; };
		E84EC9FC18BE624D0033740D /* UIKit.framework in Frameworks */ = {isa = PBXBuildFile; fileRef = E84EC9FB18BE624D0033740D /* UIKit.framework */; };
		E84ECA0218BE624D0033740D /* InfoPlist.strings in Resources */ = {isa = PBXBuildFile; fileRef = E84ECA0018BE624D0033740D /* InfoPlist.strings */; };
		E84ECA0418BE624D0033740D /* main.m in Sources */ = {isa = PBXBuildFile; fileRef = E84ECA0318BE624D0033740D /* main.m */; };
		E84ECA0818BE624D0033740D /* AppDelegate.m in Sources */ = {isa = PBXBuildFile; fileRef = E84ECA0718BE624D0033740D /* AppDelegate.m */; };
		E84ECA0B18BE624D0033740D /* Main.storyboard in Resources */ = {isa = PBXBuildFile; fileRef = E84ECA0918BE624D0033740D /* Main.storyboard */; };
		E84ECA0E18BE624D0033740D /* ViewController.m in Sources */ = {isa = PBXBuildFile; fileRef = E84ECA0D18BE624D0033740D /* ViewController.m */; };
		E84ECA1018BE624D0033740D /* Images.xcassets in Resources */ = {isa = PBXBuildFile; fileRef = E84ECA0F18BE624D0033740D /* Images.xcassets */; };
		E84ECA1718BE624D0033740D /* XCTest.framework in Frameworks */ = {isa = PBXBuildFile; fileRef = E84ECA1618BE624D0033740D /* XCTest.framework */; };
		E84ECA1818BE624D0033740D /* Foundation.framework in Frameworks */ = {isa = PBXBuildFile; fileRef = E84EC9F718BE624D0033740D /* Foundation.framework */; };
		E84ECA1918BE624D0033740D /* UIKit.framework in Frameworks */ = {isa = PBXBuildFile; fileRef = E84EC9FB18BE624D0033740D /* UIKit.framework */; };
		E84ECA2118BE624D0033740D /* InfoPlist.strings in Resources */ = {isa = PBXBuildFile; fileRef = E84ECA1F18BE624D0033740D /* InfoPlist.strings */; };
		E84ECA2318BE624D0033740D /* EscolaDominicalCoreDataTests.m in Sources */ = {isa = PBXBuildFile; fileRef = E84ECA2218BE624D0033740D /* EscolaDominicalCoreDataTests.m */; };
		E84ECA2E18BE62690033740D /* Store.m in Sources */ = {isa = PBXBuildFile; fileRef = E84ECA2D18BE62690033740D /* Store.m */; };
		E84ECA3018BE63310033740D /* CoreData.framework in Frameworks */ = {isa = PBXBuildFile; fileRef = E84ECA2F18BE63310033740D /* CoreData.framework */; };
		E84ECA3318BE638C0033740D /* EscolaDominical.xcdatamodeld in Sources */ = {isa = PBXBuildFile; fileRef = E84ECA3118BE638C0033740D /* EscolaDominical.xcdatamodeld */; };
		E85B1FA018BF9EE300A622CB /* StudentRegistryViewController.m in Sources */ = {isa = PBXBuildFile; fileRef = E85B1F9F18BF9EE300A622CB /* StudentRegistryViewController.m */; };
		E85B1FA618BFACEF00A622CB /* PhoneFormats.dat in Resources */ = {isa = PBXBuildFile; fileRef = E85B1FA518BFACEF00A622CB /* PhoneFormats.dat */; };
		E85B1FBA18BFB63800A622CB /* Student+CoreDataMethods.m in Sources */ = {isa = PBXBuildFile; fileRef = E85B1FB918BFB63800A622CB /* Student+CoreDataMethods.m */; };
		E895E17218CE4BDC00D814C0 /* ClassRegistryViewController.m in Sources */ = {isa = PBXBuildFile; fileRef = E895E17118CE4BDC00D814C0 /* ClassRegistryViewController.m */; };
		E8ACAFB818CE459100BB8F18 /* SelectionCell.m in Sources */ = {isa = PBXBuildFile; fileRef = E8ACAFB718CE459100BB8F18 /* SelectionCell.m */; };
		E8ACAFBB18CE466D00BB8F18 /* MaterialsSelectionViewController.m in Sources */ = {isa = PBXBuildFile; fileRef = E8ACAFBA18CE466D00BB8F18 /* MaterialsSelectionViewController.m */; };
		E8ACAFBE18CE467F00BB8F18 /* StudentsSelectionViewController.m in Sources */ = {isa = PBXBuildFile; fileRef = E8ACAFBD18CE467F00BB8F18 /* StudentsSelectionViewController.m */; };
		E8ACAFC118CE46A400BB8F18 /* TeachersSelectionViewController.m in Sources */ = {isa = PBXBuildFile; fileRef = E8ACAFC018CE46A400BB8F18 /* TeachersSelectionViewController.m */; };
		E8B92B4D18CE24A400D2C94F /* StudentCell.m in Sources */ = {isa = PBXBuildFile; fileRef = E8B92B4C18CE24A400D2C94F /* StudentCell.m */; };
		E8B92B5018CE25CB00D2C94F /* StudentListViewController.m in Sources */ = {isa = PBXBuildFile; fileRef = E8B92B4F18CE25CB00D2C94F /* StudentListViewController.m */; };
/* End PBXBuildFile section */

/* Begin PBXContainerItemProxy section */
		E84ECA1A18BE624D0033740D /* PBXContainerItemProxy */ = {
			isa = PBXContainerItemProxy;
			containerPortal = E84EC9EC18BE624D0033740D /* Project object */;
			proxyType = 1;
			remoteGlobalIDString = E84EC9F318BE624D0033740D;
			remoteInfo = EscolaDominicalCoreData;
		};
/* End PBXContainerItemProxy section */

/* Begin PBXFileReference section */
		E842D28D18CF73EE003192BF /* Classroom+CoreDataMethods.h */ = {isa = PBXFileReference; fileEncoding = 4; lastKnownFileType = sourcecode.c.h; path = "Classroom+CoreDataMethods.h"; sourceTree = "<group>"; };
		E842D28E18CF73EE003192BF /* Classroom+CoreDataMethods.m */ = {isa = PBXFileReference; fileEncoding = 4; lastKnownFileType = sourcecode.c.objc; path = "Classroom+CoreDataMethods.m"; sourceTree = "<group>"; };
		E842D29018CF8989003192BF /* ClassListTableViewController.h */ = {isa = PBXFileReference; fileEncoding = 4; lastKnownFileType = sourcecode.c.h; path = ClassListTableViewController.h; sourceTree = "<group>"; };
		E842D29118CF8989003192BF /* ClassListTableViewController.m */ = {isa = PBXFileReference; fileEncoding = 4; lastKnownFileType = sourcecode.c.objc; path = ClassListTableViewController.m; sourceTree = "<group>"; };
		E842D29318CF8C07003192BF /* TeacherListViewController.h */ = {isa = PBXFileReference; fileEncoding = 4; lastKnownFileType = sourcecode.c.h; path = TeacherListViewController.h; sourceTree = "<group>"; };
		E842D29418CF8C07003192BF /* TeacherListViewController.m */ = {isa = PBXFileReference; fileEncoding = 4; lastKnownFileType = sourcecode.c.objc; path = TeacherListViewController.m; sourceTree = "<group>"; };
		E842D29618CF8C18003192BF /* TeacherRegistryViewController.h */ = {isa = PBXFileReference; fileEncoding = 4; lastKnownFileType = sourcecode.c.h; path = TeacherRegistryViewController.h; sourceTree = "<group>"; };
		E842D29718CF8C18003192BF /* TeacherRegistryViewController.m */ = {isa = PBXFileReference; fileEncoding = 4; lastKnownFileType = sourcecode.c.objc; path = TeacherRegistryViewController.m; sourceTree = "<group>"; };
		E842D29918CF8D9E003192BF /* Teacher+CoreDataMethods.h */ = {isa = PBXFileReference; fileEncoding = 4; lastKnownFileType = sourcecode.c.h; path = "Teacher+CoreDataMethods.h"; sourceTree = "<group>"; };
		E842D29A18CF8D9E003192BF /* Teacher+CoreDataMethods.m */ = {isa = PBXFileReference; fileEncoding = 4; lastKnownFileType = sourcecode.c.objc; path = "Teacher+CoreDataMethods.m"; sourceTree = "<group>"; };
		E842D29F18D0CB7F003192BF /* MaterialsListViewController.h */ = {isa = PBXFileReference; fileEncoding = 4; lastKnownFileType = sourcecode.c.h; path = MaterialsListViewController.h; sourceTree = "<group>"; };
		E842D2A018D0CB7F003192BF /* MaterialsListViewController.m */ = {isa = PBXFileReference; fileEncoding = 4; lastKnownFileType = sourcecode.c.objc; path = MaterialsListViewController.m; sourceTree = "<group>"; };
		E842D2A218D0CC23003192BF /* MaterialRegistryViewController.h */ = {isa = PBXFileReference; fileEncoding = 4; lastKnownFileType = sourcecode.c.h; path = MaterialRegistryViewController.h; sourceTree = "<group>"; };
		E842D2A318D0CC23003192BF /* MaterialRegistryViewController.m */ = {isa = PBXFileReference; fileEncoding = 4; lastKnownFileType = sourcecode.c.objc; path = MaterialRegistryViewController.m; sourceTree = "<group>"; };
		E842D2A518D0CD52003192BF /* Material+CoreDataMethods.h */ = {isa = PBXFileReference; fileEncoding = 4; lastKnownFileType = sourcecode.c.h; path = "Material+CoreDataMethods.h"; sourceTree = "<group>"; };
		E842D2A618D0CD52003192BF /* Material+CoreDataMethods.m */ = {isa = PBXFileReference; fileEncoding = 4; lastKnownFileType = sourcecode.c.objc; path = "Material+CoreDataMethods.m"; sourceTree = "<group>"; };
		E842D2A818D0E96B003192BF /* MaterialCollectionViewController.h */ = {isa = PBXFileReference; fileEncoding = 4; lastKnownFileType = sourcecode.c.h; path = MaterialCollectionViewController.h; sourceTree = "<group>"; };
		E842D2A918D0E96B003192BF /* MaterialCollectionViewController.m */ = {isa = PBXFileReference; fileEncoding = 4; lastKnownFileType = sourcecode.c.objc; path = MaterialCollectionViewController.m; sourceTree = "<group>"; };
		E842D2AC18D0EAA7003192BF /* ClassCell.h */ = {isa = PBXFileReference; fileEncoding = 4; lastKnownFileType = sourcecode.c.h; path = ClassCell.h; sourceTree = "<group>"; };
		E842D2AD18D0EAA7003192BF /* ClassCell.m */ = {isa = PBXFileReference; fileEncoding = 4; lastKnownFileType = sourcecode.c.objc; path = ClassCell.m; sourceTree = "<group>"; };
		E842D2C818D0EFFF003192BF /* Classroom.h */ = {isa = PBXFileReference; fileEncoding = 4; lastKnownFileType = sourcecode.c.h; path = Classroom.h; sourceTree = "<group>"; };
		E842D2C918D0EFFF003192BF /* Classroom.m */ = {isa = PBXFileReference; fileEncoding = 4; lastKnownFileType = sourcecode.c.objc; path = Classroom.m; sourceTree = "<group>"; };
		E842D2CB18D0F000003192BF /* Material.h */ = {isa = PBXFileReference; fileEncoding = 4; lastKnownFileType = sourcecode.c.h; path = Material.h; sourceTree = "<group>"; };
		E842D2CC18D0F000003192BF /* Material.m */ = {isa = PBXFileReference; fileEncoding = 4; lastKnownFileType = sourcecode.c.objc; path = Material.m; sourceTree = "<group>"; };
		E842D2CE18D0F000003192BF /* Student.h */ = {isa = PBXFileReference; fileEncoding = 4; lastKnownFileType = sourcecode.c.h; path = Student.h; sourceTree = "<group>"; };
		E842D2CF18D0F000003192BF /* Student.m */ = {isa = PBXFileReference; fileEncoding = 4; lastKnownFileType = sourcecode.c.objc; path = Student.m; sourceTree = "<group>"; };
		E842D2D118D0F000003192BF /* Attendence.h */ = {isa = PBXFileReference; fileEncoding = 4; lastKnownFileType = sourcecode.c.h; path = Attendence.h; sourceTree = "<group>"; };
		E842D2D218D0F001003192BF /* Attendence.m */ = {isa = PBXFileReference; fileEncoding = 4; lastKnownFileType = sourcecode.c.objc; path = Attendence.m; sourceTree = "<group>"; };
		E842D2D418D0F001003192BF /* Teacher.h */ = {isa = PBXFileReference; fileEncoding = 4; lastKnownFileType = sourcecode.c.h; path = Teacher.h; sourceTree = "<group>"; };
		E842D2D518D0F001003192BF /* Teacher.m */ = {isa = PBXFileReference; fileEncoding = 4; lastKnownFileType = sourcecode.c.objc; path = Teacher.m; sourceTree = "<group>"; };
		E84EC9F418BE624D0033740D /* EscolaDominicalCoreData.app */ = {isa = PBXFileReference; explicitFileType = wrapper.application; includeInIndex = 0; path = EscolaDominicalCoreData.app; sourceTree = BUILT_PRODUCTS_DIR; };
		E84EC9F718BE624D0033740D /* Foundation.framework */ = {isa = PBXFileReference; lastKnownFileType = wrapper.framework; name = Foundation.framework; path = System/Library/Frameworks/Foundation.framework; sourceTree = SDKROOT; };
		E84EC9F918BE624D0033740D /* CoreGraphics.framework */ = {isa = PBXFileReference; lastKnownFileType = wrapper.framework; name = CoreGraphics.framework; path = System/Library/Frameworks/CoreGraphics.framework; sourceTree = SDKROOT; };
		E84EC9FB18BE624D0033740D /* UIKit.framework */ = {isa = PBXFileReference; lastKnownFileType = wrapper.framework; name = UIKit.framework; path = System/Library/Frameworks/UIKit.framework; sourceTree = SDKROOT; };
		E84EC9FF18BE624D0033740D /* EscolaDominicalCoreData-Info.plist */ = {isa = PBXFileReference; lastKnownFileType = text.plist.xml; path = "EscolaDominicalCoreData-Info.plist"; sourceTree = "<group>"; };
		E84ECA0118BE624D0033740D /* en */ = {isa = PBXFileReference; lastKnownFileType = text.plist.strings; name = en; path = en.lproj/InfoPlist.strings; sourceTree = "<group>"; };
		E84ECA0318BE624D0033740D /* main.m */ = {isa = PBXFileReference; lastKnownFileType = sourcecode.c.objc; path = main.m; sourceTree = "<group>"; };
		E84ECA0518BE624D0033740D /* EscolaDominicalCoreData-Prefix.pch */ = {isa = PBXFileReference; lastKnownFileType = sourcecode.c.h; path = "EscolaDominicalCoreData-Prefix.pch"; sourceTree = "<group>"; };
		E84ECA0618BE624D0033740D /* AppDelegate.h */ = {isa = PBXFileReference; lastKnownFileType = sourcecode.c.h; path = AppDelegate.h; sourceTree = "<group>"; };
		E84ECA0718BE624D0033740D /* AppDelegate.m */ = {isa = PBXFileReference; lastKnownFileType = sourcecode.c.objc; path = AppDelegate.m; sourceTree = "<group>"; };
		E84ECA0A18BE624D0033740D /* Base */ = {isa = PBXFileReference; lastKnownFileType = file.storyboard; name = Base; path = Base.lproj/Main.storyboard; sourceTree = "<group>"; };
		E84ECA0C18BE624D0033740D /* ViewController.h */ = {isa = PBXFileReference; lastKnownFileType = sourcecode.c.h; path = ViewController.h; sourceTree = "<group>"; };
		E84ECA0D18BE624D0033740D /* ViewController.m */ = {isa = PBXFileReference; lastKnownFileType = sourcecode.c.objc; path = ViewController.m; sourceTree = "<group>"; };
		E84ECA0F18BE624D0033740D /* Images.xcassets */ = {isa = PBXFileReference; lastKnownFileType = folder.assetcatalog; path = Images.xcassets; sourceTree = "<group>"; };
		E84ECA1518BE624D0033740D /* EscolaDominicalCoreDataTests.xctest */ = {isa = PBXFileReference; explicitFileType = wrapper.cfbundle; includeInIndex = 0; path = EscolaDominicalCoreDataTests.xctest; sourceTree = BUILT_PRODUCTS_DIR; };
		E84ECA1618BE624D0033740D /* XCTest.framework */ = {isa = PBXFileReference; lastKnownFileType = wrapper.framework; name = XCTest.framework; path = Library/Frameworks/XCTest.framework; sourceTree = DEVELOPER_DIR; };
		E84ECA1E18BE624D0033740D /* EscolaDominicalCoreDataTests-Info.plist */ = {isa = PBXFileReference; lastKnownFileType = text.plist.xml; path = "EscolaDominicalCoreDataTests-Info.plist"; sourceTree = "<group>"; };
		E84ECA2018BE624D0033740D /* en */ = {isa = PBXFileReference; lastKnownFileType = text.plist.strings; name = en; path = en.lproj/InfoPlist.strings; sourceTree = "<group>"; };
		E84ECA2218BE624D0033740D /* EscolaDominicalCoreDataTests.m */ = {isa = PBXFileReference; lastKnownFileType = sourcecode.c.objc; path = EscolaDominicalCoreDataTests.m; sourceTree = "<group>"; };
		E84ECA2C18BE62690033740D /* Store.h */ = {isa = PBXFileReference; fileEncoding = 4; lastKnownFileType = sourcecode.c.h; path = Store.h; sourceTree = "<group>"; };
		E84ECA2D18BE62690033740D /* Store.m */ = {isa = PBXFileReference; fileEncoding = 4; lastKnownFileType = sourcecode.c.objc; path = Store.m; sourceTree = "<group>"; };
		E84ECA2F18BE63310033740D /* CoreData.framework */ = {isa = PBXFileReference; lastKnownFileType = wrapper.framework; name = CoreData.framework; path = System/Library/Frameworks/CoreData.framework; sourceTree = SDKROOT; };
		E84ECA3218BE638C0033740D /* EscolaDominical.xcdatamodel */ = {isa = PBXFileReference; lastKnownFileType = wrapper.xcdatamodel; path = EscolaDominical.xcdatamodel; sourceTree = "<group>"; };
		E85B1F9E18BF9EE300A622CB /* StudentRegistryViewController.h */ = {isa = PBXFileReference; fileEncoding = 4; lastKnownFileType = sourcecode.c.h; path = StudentRegistryViewController.h; sourceTree = "<group>"; };
		E85B1F9F18BF9EE300A622CB /* StudentRegistryViewController.m */ = {isa = PBXFileReference; fileEncoding = 4; lastKnownFileType = sourcecode.c.objc; path = StudentRegistryViewController.m; sourceTree = "<group>"; };
		E85B1FA518BFACEF00A622CB /* PhoneFormats.dat */ = {isa = PBXFileReference; lastKnownFileType = file; path = PhoneFormats.dat; sourceTree = "<group>"; };
		E85B1FB818BFB63800A622CB /* Student+CoreDataMethods.h */ = {isa = PBXFileReference; fileEncoding = 4; lastKnownFileType = sourcecode.c.h; path = "Student+CoreDataMethods.h"; sourceTree = "<group>"; };
		E85B1FB918BFB63800A622CB /* Student+CoreDataMethods.m */ = {isa = PBXFileReference; fileEncoding = 4; lastKnownFileType = sourcecode.c.objc; path = "Student+CoreDataMethods.m"; sourceTree = "<group>"; };
		E895E17018CE4BDC00D814C0 /* ClassRegistryViewController.h */ = {isa = PBXFileReference; fileEncoding = 4; lastKnownFileType = sourcecode.c.h; path = ClassRegistryViewController.h; sourceTree = "<group>"; };
		E895E17118CE4BDC00D814C0 /* ClassRegistryViewController.m */ = {isa = PBXFileReference; fileEncoding = 4; lastKnownFileType = sourcecode.c.objc; path = ClassRegistryViewController.m; sourceTree = "<group>"; };
		E8ACAFB618CE459100BB8F18 /* SelectionCell.h */ = {isa = PBXFileReference; fileEncoding = 4; lastKnownFileType = sourcecode.c.h; path = SelectionCell.h; sourceTree = "<group>"; };
		E8ACAFB718CE459100BB8F18 /* SelectionCell.m */ = {isa = PBXFileReference; fileEncoding = 4; lastKnownFileType = sourcecode.c.objc; path = SelectionCell.m; sourceTree = "<group>"; };
		E8ACAFB918CE466D00BB8F18 /* MaterialsSelectionViewController.h */ = {isa = PBXFileReference; fileEncoding = 4; lastKnownFileType = sourcecode.c.h; path = MaterialsSelectionViewController.h; sourceTree = "<group>"; };
		E8ACAFBA18CE466D00BB8F18 /* MaterialsSelectionViewController.m */ = {isa = PBXFileReference; fileEncoding = 4; lastKnownFileType = sourcecode.c.objc; path = MaterialsSelectionViewController.m; sourceTree = "<group>"; };
		E8ACAFBC18CE467F00BB8F18 /* StudentsSelectionViewController.h */ = {isa = PBXFileReference; fileEncoding = 4; lastKnownFileType = sourcecode.c.h; path = StudentsSelectionViewController.h; sourceTree = "<group>"; };
		E8ACAFBD18CE467F00BB8F18 /* StudentsSelectionViewController.m */ = {isa = PBXFileReference; fileEncoding = 4; lastKnownFileType = sourcecode.c.objc; path = StudentsSelectionViewController.m; sourceTree = "<group>"; };
		E8ACAFBF18CE46A400BB8F18 /* TeachersSelectionViewController.h */ = {isa = PBXFileReference; fileEncoding = 4; lastKnownFileType = sourcecode.c.h; path = TeachersSelectionViewController.h; sourceTree = "<group>"; };
		E8ACAFC018CE46A400BB8F18 /* TeachersSelectionViewController.m */ = {isa = PBXFileReference; fileEncoding = 4; lastKnownFileType = sourcecode.c.objc; path = TeachersSelectionViewController.m; sourceTree = "<group>"; };
		E8B92B4B18CE24A400D2C94F /* StudentCell.h */ = {isa = PBXFileReference; fileEncoding = 4; lastKnownFileType = sourcecode.c.h; path = StudentCell.h; sourceTree = "<group>"; };
		E8B92B4C18CE24A400D2C94F /* StudentCell.m */ = {isa = PBXFileReference; fileEncoding = 4; lastKnownFileType = sourcecode.c.objc; path = StudentCell.m; sourceTree = "<group>"; };
		E8B92B4E18CE25CB00D2C94F /* StudentListViewController.h */ = {isa = PBXFileReference; fileEncoding = 4; lastKnownFileType = sourcecode.c.h; path = StudentListViewController.h; sourceTree = "<group>"; };
		E8B92B4F18CE25CB00D2C94F /* StudentListViewController.m */ = {isa = PBXFileReference; fileEncoding = 4; lastKnownFileType = sourcecode.c.objc; path = StudentListViewController.m; sourceTree = "<group>"; };
		E8B92B5118CE3A8800D2C94F /* EscolaDominical 2.xcdatamodel */ = {isa = PBXFileReference; lastKnownFileType = wrapper.xcdatamodel; path = "EscolaDominical 2.xcdatamodel"; sourceTree = "<group>"; };
/* End PBXFileReference section */

/* Begin PBXFrameworksBuildPhase section */
		E84EC9F118BE624D0033740D /* Frameworks */ = {
			isa = PBXFrameworksBuildPhase;
			buildActionMask = 2147483647;
			files = (
				E84ECA3018BE63310033740D /* CoreData.framework in Frameworks */,
				E84EC9FA18BE624D0033740D /* CoreGraphics.framework in Frameworks */,
				E84EC9FC18BE624D0033740D /* UIKit.framework in Frameworks */,
				E84EC9F818BE624D0033740D /* Foundation.framework in Frameworks */,
			);
			runOnlyForDeploymentPostprocessing = 0;
		};
		E84ECA1218BE624D0033740D /* Frameworks */ = {
			isa = PBXFrameworksBuildPhase;
			buildActionMask = 2147483647;
			files = (
				E84ECA1718BE624D0033740D /* XCTest.framework in Frameworks */,
				E84ECA1918BE624D0033740D /* UIKit.framework in Frameworks */,
				E84ECA1818BE624D0033740D /* Foundation.framework in Frameworks */,
			);
			runOnlyForDeploymentPostprocessing = 0;
		};
/* End PBXFrameworksBuildPhase section */

/* Begin PBXGroup section */
		E842D2AB18D0EA3E003192BF /* View */ = {
			isa = PBXGroup;
			children = (
				E8B92B4B18CE24A400D2C94F /* StudentCell.h */,
				E8B92B4C18CE24A400D2C94F /* StudentCell.m */,
				E8ACAFB618CE459100BB8F18 /* SelectionCell.h */,
				E8ACAFB718CE459100BB8F18 /* SelectionCell.m */,
				E842D2AC18D0EAA7003192BF /* ClassCell.h */,
				E842D2AD18D0EAA7003192BF /* ClassCell.m */,
			);
			name = View;
			sourceTree = "<group>";
		};
		E84EC9EB18BE624D0033740D = {
			isa = PBXGroup;
			children = (
				E84EC9FD18BE624D0033740D /* EscolaDominicalCoreData */,
				E84ECA1C18BE624D0033740D /* EscolaDominicalCoreDataTests */,
				E84EC9F618BE624D0033740D /* Frameworks */,
				E84EC9F518BE624D0033740D /* Products */,
			);
			sourceTree = "<group>";
		};
		E84EC9F518BE624D0033740D /* Products */ = {
			isa = PBXGroup;
			children = (
				E84EC9F418BE624D0033740D /* EscolaDominicalCoreData.app */,
				E84ECA1518BE624D0033740D /* EscolaDominicalCoreDataTests.xctest */,
			);
			name = Products;
			sourceTree = "<group>";
		};
		E84EC9F618BE624D0033740D /* Frameworks */ = {
			isa = PBXGroup;
			children = (
				E84ECA2F18BE63310033740D /* CoreData.framework */,
				E84EC9F718BE624D0033740D /* Foundation.framework */,
				E84EC9F918BE624D0033740D /* CoreGraphics.framework */,
				E84EC9FB18BE624D0033740D /* UIKit.framework */,
				E84ECA1618BE624D0033740D /* XCTest.framework */,
			);
			name = Frameworks;
			sourceTree = "<group>";
		};
		E84EC9FD18BE624D0033740D /* EscolaDominicalCoreData */ = {
			isa = PBXGroup;
			children = (
				E842D2AB18D0EA3E003192BF /* View */,
				E85B1FB618BFB60C00A622CB /* Core Data */,
				E84ECA0618BE624D0033740D /* AppDelegate.h */,
				E84ECA0718BE624D0033740D /* AppDelegate.m */,
				E84ECA2C18BE62690033740D /* Store.h */,
				E84ECA2D18BE62690033740D /* Store.m */,
				E85B1FA518BFACEF00A622CB /* PhoneFormats.dat */,
				E84ECA0918BE624D0033740D /* Main.storyboard */,
				E84ECA0C18BE624D0033740D /* ViewController.h */,
				E84ECA0D18BE624D0033740D /* ViewController.m */,
				E84ECA0F18BE624D0033740D /* Images.xcassets */,
				E84ECA3118BE638C0033740D /* EscolaDominical.xcdatamodeld */,
				E84EC9FE18BE624D0033740D /* Supporting Files */,
				E85B1F9E18BF9EE300A622CB /* StudentRegistryViewController.h */,
				E85B1F9F18BF9EE300A622CB /* StudentRegistryViewController.m */,
				E842D29618CF8C18003192BF /* TeacherRegistryViewController.h */,
				E842D29718CF8C18003192BF /* TeacherRegistryViewController.m */,
				E842D2A218D0CC23003192BF /* MaterialRegistryViewController.h */,
				E842D2A318D0CC23003192BF /* MaterialRegistryViewController.m */,
				E8B92B4E18CE25CB00D2C94F /* StudentListViewController.h */,
				E8B92B4F18CE25CB00D2C94F /* StudentListViewController.m */,
				E842D29318CF8C07003192BF /* TeacherListViewController.h */,
				E842D29418CF8C07003192BF /* TeacherListViewController.m */,
				E842D29F18D0CB7F003192BF /* MaterialsListViewController.h */,
				E842D2A018D0CB7F003192BF /* MaterialsListViewController.m */,
				E8ACAFB918CE466D00BB8F18 /* MaterialsSelectionViewController.h */,
				E8ACAFBA18CE466D00BB8F18 /* MaterialsSelectionViewController.m */,
				E8ACAFBC18CE467F00BB8F18 /* StudentsSelectionViewController.h */,
				E8ACAFBD18CE467F00BB8F18 /* StudentsSelectionViewController.m */,
				E8ACAFBF18CE46A400BB8F18 /* TeachersSelectionViewController.h */,
				E8ACAFC018CE46A400BB8F18 /* TeachersSelectionViewController.m */,
				E895E17018CE4BDC00D814C0 /* ClassRegistryViewController.h */,
				E895E17118CE4BDC00D814C0 /* ClassRegistryViewController.m */,
				E842D29018CF8989003192BF /* ClassListTableViewController.h */,
				E842D29118CF8989003192BF /* ClassListTableViewController.m */,
				E842D2A818D0E96B003192BF /* MaterialCollectionViewController.h */,
				E842D2A918D0E96B003192BF /* MaterialCollectionViewController.m */,
			);
			path = EscolaDominicalCoreData;
			sourceTree = "<group>";
		};
		E84EC9FE18BE624D0033740D /* Supporting Files */ = {
			isa = PBXGroup;
			children = (
				E84EC9FF18BE624D0033740D /* EscolaDominicalCoreData-Info.plist */,
				E84ECA0018BE624D0033740D /* InfoPlist.strings */,
				E84ECA0318BE624D0033740D /* main.m */,
				E84ECA0518BE624D0033740D /* EscolaDominicalCoreData-Prefix.pch */,
			);
			name = "Supporting Files";
			sourceTree = "<group>";
		};
		E84ECA1C18BE624D0033740D /* EscolaDominicalCoreDataTests */ = {
			isa = PBXGroup;
			children = (
				E84ECA2218BE624D0033740D /* EscolaDominicalCoreDataTests.m */,
				E84ECA1D18BE624D0033740D /* Supporting Files */,
			);
			path = EscolaDominicalCoreDataTests;
			sourceTree = "<group>";
		};
		E84ECA1D18BE624D0033740D /* Supporting Files */ = {
			isa = PBXGroup;
			children = (
				E84ECA1E18BE624D0033740D /* EscolaDominicalCoreDataTests-Info.plist */,
				E84ECA1F18BE624D0033740D /* InfoPlist.strings */,
			);
			name = "Supporting Files";
			sourceTree = "<group>";
		};
		E85B1FB618BFB60C00A622CB /* Core Data */ = {
			isa = PBXGroup;
			children = (
				E842D2D418D0F001003192BF /* Teacher.h */,
				E842D2D518D0F001003192BF /* Teacher.m */,
				E842D2D118D0F000003192BF /* Attendence.h */,
				E842D2D218D0F001003192BF /* Attendence.m */,
				E842D2CE18D0F000003192BF /* Student.h */,
				E842D2CF18D0F000003192BF /* Student.m */,
				E842D2CB18D0F000003192BF /* Material.h */,
				E842D2CC18D0F000003192BF /* Material.m */,
				E842D2C818D0EFFF003192BF /* Classroom.h */,
				E842D2C918D0EFFF003192BF /* Classroom.m */,
				E85B1FB718BFB61A00A622CB /* Categories */,
			);
			name = "Core Data";
			sourceTree = "<group>";
		};
		E85B1FB718BFB61A00A622CB /* Categories */ = {
			isa = PBXGroup;
			children = (
				E85B1FB818BFB63800A622CB /* Student+CoreDataMethods.h */,
				E85B1FB918BFB63800A622CB /* Student+CoreDataMethods.m */,
				E842D28D18CF73EE003192BF /* Classroom+CoreDataMethods.h */,
				E842D28E18CF73EE003192BF /* Classroom+CoreDataMethods.m */,
				E842D29918CF8D9E003192BF /* Teacher+CoreDataMethods.h */,
				E842D29A18CF8D9E003192BF /* Teacher+CoreDataMethods.m */,
				E842D2A518D0CD52003192BF /* Material+CoreDataMethods.h */,
				E842D2A618D0CD52003192BF /* Material+CoreDataMethods.m */,
			);
			name = Categories;
			sourceTree = "<group>";
		};
/* End PBXGroup section */

/* Begin PBXNativeTarget section */
		E84EC9F318BE624D0033740D /* EscolaDominicalCoreData */ = {
			isa = PBXNativeTarget;
			buildConfigurationList = E84ECA2618BE624D0033740D /* Build configuration list for PBXNativeTarget "EscolaDominicalCoreData" */;
			buildPhases = (
				E84EC9F018BE624D0033740D /* Sources */,
				E84EC9F118BE624D0033740D /* Frameworks */,
				E84EC9F218BE624D0033740D /* Resources */,
			);
			buildRules = (
			);
			dependencies = (
			);
			name = EscolaDominicalCoreData;
			productName = EscolaDominicalCoreData;
			productReference = E84EC9F418BE624D0033740D /* EscolaDominicalCoreData.app */;
			productType = "com.apple.product-type.application";
		};
		E84ECA1418BE624D0033740D /* EscolaDominicalCoreDataTests */ = {
			isa = PBXNativeTarget;
			buildConfigurationList = E84ECA2918BE624D0033740D /* Build configuration list for PBXNativeTarget "EscolaDominicalCoreDataTests" */;
			buildPhases = (
				E84ECA1118BE624D0033740D /* Sources */,
				E84ECA1218BE624D0033740D /* Frameworks */,
				E84ECA1318BE624D0033740D /* Resources */,
			);
			buildRules = (
			);
			dependencies = (
				E84ECA1B18BE624D0033740D /* PBXTargetDependency */,
			);
			name = EscolaDominicalCoreDataTests;
			productName = EscolaDominicalCoreDataTests;
			productReference = E84ECA1518BE624D0033740D /* EscolaDominicalCoreDataTests.xctest */;
			productType = "com.apple.product-type.bundle.unit-test";
		};
/* End PBXNativeTarget section */

/* Begin PBXProject section */
		E84EC9EC18BE624D0033740D /* Project object */ = {
			isa = PBXProject;
			attributes = {
				LastUpgradeCheck = 0500;
				ORGANIZATIONNAME = BEPiD;
				TargetAttributes = {
					E84ECA1418BE624D0033740D = {
						TestTargetID = E84EC9F318BE624D0033740D;
					};
				};
			};
			buildConfigurationList = E84EC9EF18BE624D0033740D /* Build configuration list for PBXProject "EscolaDominicalCoreData" */;
			compatibilityVersion = "Xcode 3.2";
			developmentRegion = English;
			hasScannedForEncodings = 0;
			knownRegions = (
				en,
				Base,
			);
			mainGroup = E84EC9EB18BE624D0033740D;
			productRefGroup = E84EC9F518BE624D0033740D /* Products */;
			projectDirPath = "";
			projectRoot = "";
			targets = (
				E84EC9F318BE624D0033740D /* EscolaDominicalCoreData */,
				E84ECA1418BE624D0033740D /* EscolaDominicalCoreDataTests */,
			);
		};
/* End PBXProject section */

/* Begin PBXResourcesBuildPhase section */
		E84EC9F218BE624D0033740D /* Resources */ = {
			isa = PBXResourcesBuildPhase;
			buildActionMask = 2147483647;
			files = (
				E84ECA1018BE624D0033740D /* Images.xcassets in Resources */,
				E85B1FA618BFACEF00A622CB /* PhoneFormats.dat in Resources */,
				E84ECA0218BE624D0033740D /* InfoPlist.strings in Resources */,
				E84ECA0B18BE624D0033740D /* Main.storyboard in Resources */,
			);
			runOnlyForDeploymentPostprocessing = 0;
		};
		E84ECA1318BE624D0033740D /* Resources */ = {
			isa = PBXResourcesBuildPhase;
			buildActionMask = 2147483647;
			files = (
				E84ECA2118BE624D0033740D /* InfoPlist.strings in Resources */,
			);
			runOnlyForDeploymentPostprocessing = 0;
		};
/* End PBXResourcesBuildPhase section */

/* Begin PBXSourcesBuildPhase section */
		E84EC9F018BE624D0033740D /* Sources */ = {
			isa = PBXSourcesBuildPhase;
			buildActionMask = 2147483647;
			files = (
				E842D2D618D0F001003192BF /* Teacher.m in Sources */,
				E8B92B4D18CE24A400D2C94F /* StudentCell.m in Sources */,
				E842D2A718D0CD52003192BF /* Material+CoreDataMethods.m in Sources */,
				E842D29B18CF8D9E003192BF /* Teacher+CoreDataMethods.m in Sources */,
				E8ACAFB818CE459100BB8F18 /* SelectionCell.m in Sources */,
				E842D2A418D0CC23003192BF /* MaterialRegistryViewController.m in Sources */,
				E842D2CD18D0F000003192BF /* Material.m in Sources */,
				E842D28F18CF73EE003192BF /* Classroom+CoreDataMethods.m in Sources */,
				E8ACAFBB18CE466D00BB8F18 /* MaterialsSelectionViewController.m in Sources */,
				E895E17218CE4BDC00D814C0 /* ClassRegistryViewController.m in Sources */,
				E842D29218CF8989003192BF /* ClassListTableViewController.m in Sources */,
				E84ECA3318BE638C0033740D /* EscolaDominical.xcdatamodeld in Sources */,
				E85B1FBA18BFB63800A622CB /* Student+CoreDataMethods.m in Sources */,
				E842D2A118D0CB7F003192BF /* MaterialsListViewController.m in Sources */,
				E842D29818CF8C18003192BF /* TeacherRegistryViewController.m in Sources */,
				E8ACAFC118CE46A400BB8F18 /* TeachersSelectionViewController.m in Sources */,
				E842D29518CF8C07003192BF /* TeacherListViewController.m in Sources */,
				E842D2D018D0F000003192BF /* Student.m in Sources */,
				E842D2CA18D0EFFF003192BF /* Classroom.m in Sources */,
				E84ECA0E18BE624D0033740D /* ViewController.m in Sources */,
				E84ECA0818BE624D0033740D /* AppDelegate.m in Sources */,
				E842D2D318D0F001003192BF /* Attendence.m in Sources */,
				E84ECA0418BE624D0033740D /* main.m in Sources */,
				E84ECA2E18BE62690033740D /* Store.m in Sources */,
				E8B92B5018CE25CB00D2C94F /* StudentListViewController.m in Sources */,
				E85B1FA018BF9EE300A622CB /* StudentRegistryViewController.m in Sources */,
				E842D2AE18D0EAA7003192BF /* ClassCell.m in Sources */,
				E8ACAFBE18CE467F00BB8F18 /* StudentsSelectionViewController.m in Sources */,
				E842D2AA18D0E96B003192BF /* MaterialCollectionViewController.m in Sources */,
			);
			runOnlyForDeploymentPostprocessing = 0;
		};
		E84ECA1118BE624D0033740D /* Sources */ = {
			isa = PBXSourcesBuildPhase;
			buildActionMask = 2147483647;
			files = (
				E84ECA2318BE624D0033740D /* EscolaDominicalCoreDataTests.m in Sources */,
			);
			runOnlyForDeploymentPostprocessing = 0;
		};
/* End PBXSourcesBuildPhase section */

/* Begin PBXTargetDependency section */
		E84ECA1B18BE624D0033740D /* PBXTargetDependency */ = {
			isa = PBXTargetDependency;
			target = E84EC9F318BE624D0033740D /* EscolaDominicalCoreData */;
			targetProxy = E84ECA1A18BE624D0033740D /* PBXContainerItemProxy */;
		};
/* End PBXTargetDependency section */

/* Begin PBXVariantGroup section */
		E84ECA0018BE624D0033740D /* InfoPlist.strings */ = {
			isa = PBXVariantGroup;
			children = (
				E84ECA0118BE624D0033740D /* en */,
			);
			name = InfoPlist.strings;
			sourceTree = "<group>";
		};
		E84ECA0918BE624D0033740D /* Main.storyboard */ = {
			isa = PBXVariantGroup;
			children = (
				E84ECA0A18BE624D0033740D /* Base */,
			);
			name = Main.storyboard;
			sourceTree = "<group>";
		};
		E84ECA1F18BE624D0033740D /* InfoPlist.strings */ = {
			isa = PBXVariantGroup;
			children = (
				E84ECA2018BE624D0033740D /* en */,
			);
			name = InfoPlist.strings;
			sourceTree = "<group>";
		};
/* End PBXVariantGroup section */

/* Begin XCBuildConfiguration section */
		E84ECA2418BE624D0033740D /* Debug */ = {
			isa = XCBuildConfiguration;
			buildSettings = {
				ALWAYS_SEARCH_USER_PATHS = NO;
				ARCHS = "$(ARCHS_STANDARD_INCLUDING_64_BIT)";
				CLANG_CXX_LANGUAGE_STANDARD = "gnu++0x";
				CLANG_CXX_LIBRARY = "libc++";
				CLANG_ENABLE_MODULES = YES;
				CLANG_ENABLE_OBJC_ARC = YES;
				CLANG_WARN_BOOL_CONVERSION = YES;
				CLANG_WARN_CONSTANT_CONVERSION = YES;
				CLANG_WARN_DIRECT_OBJC_ISA_USAGE = YES_ERROR;
				CLANG_WARN_EMPTY_BODY = YES;
				CLANG_WARN_ENUM_CONVERSION = YES;
				CLANG_WARN_INT_CONVERSION = YES;
				CLANG_WARN_OBJC_ROOT_CLASS = YES_ERROR;
				CLANG_WARN__DUPLICATE_METHOD_MATCH = YES;
				"CODE_SIGN_IDENTITY[sdk=iphoneos*]" = "iPhone Developer";
				COPY_PHASE_STRIP = NO;
				GCC_C_LANGUAGE_STANDARD = gnu99;
				GCC_DYNAMIC_NO_PIC = NO;
				GCC_OPTIMIZATION_LEVEL = 0;
				GCC_PREPROCESSOR_DEFINITIONS = (
					"DEBUG=1",
					"$(inherited)",
				);
				GCC_SYMBOLS_PRIVATE_EXTERN = NO;
				GCC_WARN_64_TO_32_BIT_CONVERSION = YES;
				GCC_WARN_ABOUT_RETURN_TYPE = YES_ERROR;
				GCC_WARN_UNDECLARED_SELECTOR = YES;
				GCC_WARN_UNINITIALIZED_AUTOS = YES;
				GCC_WARN_UNUSED_FUNCTION = YES;
				GCC_WARN_UNUSED_VARIABLE = YES;
				IPHONEOS_DEPLOYMENT_TARGET = 7.0;
				ONLY_ACTIVE_ARCH = YES;
				SDKROOT = iphoneos;
			};
			name = Debug;
		};
		E84ECA2518BE624D0033740D /* Release */ = {
			isa = XCBuildConfiguration;
			buildSettings = {
				ALWAYS_SEARCH_USER_PATHS = NO;
				ARCHS = "$(ARCHS_STANDARD_INCLUDING_64_BIT)";
				CLANG_CXX_LANGUAGE_STANDARD = "gnu++0x";
				CLANG_CXX_LIBRARY = "libc++";
				CLANG_ENABLE_MODULES = YES;
				CLANG_ENABLE_OBJC_ARC = YES;
				CLANG_WARN_BOOL_CONVERSION = YES;
				CLANG_WARN_CONSTANT_CONVERSION = YES;
				CLANG_WARN_DIRECT_OBJC_ISA_USAGE = YES_ERROR;
				CLANG_WARN_EMPTY_BODY = YES;
				CLANG_WARN_ENUM_CONVERSION = YES;
				CLANG_WARN_INT_CONVERSION = YES;
				CLANG_WARN_OBJC_ROOT_CLASS = YES_ERROR;
				CLANG_WARN__DUPLICATE_METHOD_MATCH = YES;
				"CODE_SIGN_IDENTITY[sdk=iphoneos*]" = "iPhone Developer";
				COPY_PHASE_STRIP = YES;
				ENABLE_NS_ASSERTIONS = NO;
				GCC_C_LANGUAGE_STANDARD = gnu99;
				GCC_WARN_64_TO_32_BIT_CONVERSION = YES;
				GCC_WARN_ABOUT_RETURN_TYPE = YES_ERROR;
				GCC_WARN_UNDECLARED_SELECTOR = YES;
				GCC_WARN_UNINITIALIZED_AUTOS = YES;
				GCC_WARN_UNUSED_FUNCTION = YES;
				GCC_WARN_UNUSED_VARIABLE = YES;
				IPHONEOS_DEPLOYMENT_TARGET = 7.0;
				SDKROOT = iphoneos;
				VALIDATE_PRODUCT = YES;
			};
			name = Release;
		};
		E84ECA2718BE624D0033740D /* Debug */ = {
			isa = XCBuildConfiguration;
			buildSettings = {
				ALWAYS_SEARCH_USER_PATHS = YES;
				ASSETCATALOG_COMPILER_APPICON_NAME = AppIcon;
				ASSETCATALOG_COMPILER_LAUNCHIMAGE_NAME = LaunchImage;
				GCC_PRECOMPILE_PREFIX_HEADER = YES;
				GCC_PREFIX_HEADER = "EscolaDominicalCoreData/EscolaDominicalCoreData-Prefix.pch";
				INFOPLIST_FILE = "EscolaDominicalCoreData/EscolaDominicalCoreData-Info.plist";
				OTHER_LDFLAGS = "-ObjC";
				PRODUCT_NAME = "$(TARGET_NAME)";
				USER_HEADER_SEARCH_PATHS = "\"${PROJECT_DIR}/QuickDialog\"/**";
				WRAPPER_EXTENSION = app;
			};
			name = Debug;
		};
		E84ECA2818BE624D0033740D /* Release */ = {
			isa = XCBuildConfiguration;
			buildSettings = {
				ALWAYS_SEARCH_USER_PATHS = YES;
				ASSETCATALOG_COMPILER_APPICON_NAME = AppIcon;
				ASSETCATALOG_COMPILER_LAUNCHIMAGE_NAME = LaunchImage;
				GCC_PRECOMPILE_PREFIX_HEADER = YES;
				GCC_PREFIX_HEADER = "EscolaDominicalCoreData/EscolaDominicalCoreData-Prefix.pch";
				INFOPLIST_FILE = "EscolaDominicalCoreData/EscolaDominicalCoreData-Info.plist";
				OTHER_LDFLAGS = "-ObjC";
				PRODUCT_NAME = "$(TARGET_NAME)";
				USER_HEADER_SEARCH_PATHS = "\"${PROJECT_DIR}/QuickDialog\"/**";
				WRAPPER_EXTENSION = app;
			};
			name = Release;
		};
		E84ECA2A18BE624D0033740D /* Debug */ = {
			isa = XCBuildConfiguration;
			buildSettings = {
				ARCHS = "$(ARCHS_STANDARD_INCLUDING_64_BIT)";
				BUNDLE_LOADER = "$(BUILT_PRODUCTS_DIR)/EscolaDominicalCoreData.app/EscolaDominicalCoreData";
				FRAMEWORK_SEARCH_PATHS = (
					"$(SDKROOT)/Developer/Library/Frameworks",
					"$(inherited)",
					"$(DEVELOPER_FRAMEWORKS_DIR)",
				);
				GCC_PRECOMPILE_PREFIX_HEADER = YES;
				GCC_PREFIX_HEADER = "EscolaDominicalCoreData/EscolaDominicalCoreData-Prefix.pch";
				GCC_PREPROCESSOR_DEFINITIONS = (
					"DEBUG=1",
					"$(inherited)",
				);
				INFOPLIST_FILE = "EscolaDominicalCoreDataTests/EscolaDominicalCoreDataTests-Info.plist";
				PRODUCT_NAME = "$(TARGET_NAME)";
				TEST_HOST = "$(BUNDLE_LOADER)";
				WRAPPER_EXTENSION = xctest;
			};
			name = Debug;
		};
		E84ECA2B18BE624D0033740D /* Release */ = {
			isa = XCBuildConfiguration;
			buildSettings = {
				ARCHS = "$(ARCHS_STANDARD_INCLUDING_64_BIT)";
				BUNDLE_LOADER = "$(BUILT_PRODUCTS_DIR)/EscolaDominicalCoreData.app/EscolaDominicalCoreData";
				FRAMEWORK_SEARCH_PATHS = (
					"$(SDKROOT)/Developer/Library/Frameworks",
					"$(inherited)",
					"$(DEVELOPER_FRAMEWORKS_DIR)",
				);
				GCC_PRECOMPILE_PREFIX_HEADER = YES;
				GCC_PREFIX_HEADER = "EscolaDominicalCoreData/EscolaDominicalCoreData-Prefix.pch";
				INFOPLIST_FILE = "EscolaDominicalCoreDataTests/EscolaDominicalCoreDataTests-Info.plist";
				PRODUCT_NAME = "$(TARGET_NAME)";
				TEST_HOST = "$(BUNDLE_LOADER)";
				WRAPPER_EXTENSION = xctest;
			};
			name = Release;
		};
/* End XCBuildConfiguration section */

/* Begin XCConfigurationList section */
		E84EC9EF18BE624D0033740D /* Build configuration list for PBXProject "EscolaDominicalCoreData" */ = {
			isa = XCConfigurationList;
			buildConfigurations = (
				E84ECA2418BE624D0033740D /* Debug */,
				E84ECA2518BE624D0033740D /* Release */,
			);
			defaultConfigurationIsVisible = 0;
			defaultConfigurationName = Release;
		};
		E84ECA2618BE624D0033740D /* Build configuration list for PBXNativeTarget "EscolaDominicalCoreData" */ = {
			isa = XCConfigurationList;
			buildConfigurations = (
				E84ECA2718BE624D0033740D /* Debug */,
				E84ECA2818BE624D0033740D /* Release */,
			);
			defaultConfigurationIsVisible = 0;
			defaultConfigurationName = Release;
		};
		E84ECA2918BE624D0033740D /* Build configuration list for PBXNativeTarget "EscolaDominicalCoreDataTests" */ = {
			isa = XCConfigurationList;
			buildConfigurations = (
				E84ECA2A18BE624D0033740D /* Debug */,
				E84ECA2B18BE624D0033740D /* Release */,
			);
			defaultConfigurationIsVisible = 0;
			defaultConfigurationName = Release;
		};
/* End XCConfigurationList section */

/* Begin XCVersionGroup section */
		E84ECA3118BE638C0033740D /* EscolaDominical.xcdatamodeld */ = {
			isa = XCVersionGroup;
			children = (
				E8B92B5118CE3A8800D2C94F /* EscolaDominical 2.xcdatamodel */,
				E84ECA3218BE638C0033740D /* EscolaDominical.xcdatamodel */,
			);
			currentVersion = E8B92B5118CE3A8800D2C94F /* EscolaDominical 2.xcdatamodel */;
			path = EscolaDominical.xcdatamodeld;
			sourceTree = "<group>";
			versionGroupType = wrapper.xcdatamodel;
		};
/* End XCVersionGroup section */
	};
	rootObject = E84EC9EC18BE624D0033740D /* Project object */;
}
